// !$*UTF8*$!
{
	archiveVersion = 1;
	classes = {
	};
	objectVersion = 77;
	objects = {

/* Begin PBXContainerItemProxy section */
		0B3583CA2CDF7F93009C2AA4 /* PBXContainerItemProxy */ = {
			isa = PBXContainerItemProxy;
			containerPortal = 0B3583AB2CDF7F91009C2AA4 /* Project object */;
			proxyType = 1;
			remoteGlobalIDString = 0B3583B22CDF7F91009C2AA4;
			remoteInfo = ProjectSetUpSample;
		};
		0B3583D42CDF7F93009C2AA4 /* PBXContainerItemProxy */ = {
			isa = PBXContainerItemProxy;
			containerPortal = 0B3583AB2CDF7F91009C2AA4 /* Project object */;
			proxyType = 1;
			remoteGlobalIDString = 0B3583B22CDF7F91009C2AA4;
			remoteInfo = ProjectSetUpSample;
		};
/* End PBXContainerItemProxy section */

/* Begin PBXFileReference section */
		0B3583B32CDF7F91009C2AA4 /* ProjectSetUpSample.app */ = {isa = PBXFileReference; explicitFileType = wrapper.application; includeInIndex = 0; path = ProjectSetUpSample.app; sourceTree = BUILT_PRODUCTS_DIR; };
		0B3583C92CDF7F93009C2AA4 /* ProjectSetUpSampleTests.xctest */ = {isa = PBXFileReference; explicitFileType = wrapper.cfbundle; includeInIndex = 0; path = ProjectSetUpSampleTests.xctest; sourceTree = BUILT_PRODUCTS_DIR; };
		0B3583D32CDF7F93009C2AA4 /* ProjectSetUpSampleUITests.xctest */ = {isa = PBXFileReference; explicitFileType = wrapper.cfbundle; includeInIndex = 0; path = ProjectSetUpSampleUITests.xctest; sourceTree = BUILT_PRODUCTS_DIR; };
/* End PBXFileReference section */

/* Begin PBXFileSystemSynchronizedBuildFileExceptionSet section */
		0B3583DB2CDF7F93009C2AA4 /* Exceptions for "ProjectSetUpSample" folder in "ProjectSetUpSample" target */ = {
			isa = PBXFileSystemSynchronizedBuildFileExceptionSet;
			membershipExceptions = (
				Info.plist,
			);
			target = 0B3583B22CDF7F91009C2AA4 /* ProjectSetUpSample */;
		};
/* End PBXFileSystemSynchronizedBuildFileExceptionSet section */

/* Begin PBXFileSystemSynchronizedRootGroup section */
		0B3583B52CDF7F91009C2AA4 /* ProjectSetUpSample */ = {
			isa = PBXFileSystemSynchronizedRootGroup;
			exceptions = (
				0B3583DB2CDF7F93009C2AA4 /* Exceptions for "ProjectSetUpSample" folder in "ProjectSetUpSample" target */,
			);
			path = ProjectSetUpSample;
			sourceTree = "<group>";
		};
		0B3583CC2CDF7F93009C2AA4 /* ProjectSetUpSampleTests */ = {
			isa = PBXFileSystemSynchronizedRootGroup;
			path = ProjectSetUpSampleTests;
			sourceTree = "<group>";
		};
		0B3583D62CDF7F93009C2AA4 /* ProjectSetUpSampleUITests */ = {
			isa = PBXFileSystemSynchronizedRootGroup;
			path = ProjectSetUpSampleUITests;
			sourceTree = "<group>";
		};
/* End PBXFileSystemSynchronizedRootGroup section */

/* Begin PBXFrameworksBuildPhase section */
		0B3583B02CDF7F91009C2AA4 /* Frameworks */ = {
			isa = PBXFrameworksBuildPhase;
			buildActionMask = 2147483647;
			files = (
			);
			runOnlyForDeploymentPostprocessing = 0;
		};
		0B3583C62CDF7F93009C2AA4 /* Frameworks */ = {
			isa = PBXFrameworksBuildPhase;
			buildActionMask = 2147483647;
			files = (
			);
			runOnlyForDeploymentPostprocessing = 0;
		};
		0B3583D02CDF7F93009C2AA4 /* Frameworks */ = {
			isa = PBXFrameworksBuildPhase;
			buildActionMask = 2147483647;
			files = (
			);
			runOnlyForDeploymentPostprocessing = 0;
		};
/* End PBXFrameworksBuildPhase section */

/* Begin PBXGroup section */
		0B3583AA2CDF7F91009C2AA4 = {
			isa = PBXGroup;
			children = (
				0B3583B52CDF7F91009C2AA4 /* ProjectSetUpSample */,
				0B3583CC2CDF7F93009C2AA4 /* ProjectSetUpSampleTests */,
				0B3583D62CDF7F93009C2AA4 /* ProjectSetUpSampleUITests */,
				0B3583B42CDF7F91009C2AA4 /* Products */,
			);
			sourceTree = "<group>";
		};
		0B3583B42CDF7F91009C2AA4 /* Products */ = {
			isa = PBXGroup;
			children = (
				0B3583B32CDF7F91009C2AA4 /* ProjectSetUpSample.app */,
				0B3583C92CDF7F93009C2AA4 /* ProjectSetUpSampleTests.xctest */,
				0B3583D32CDF7F93009C2AA4 /* ProjectSetUpSampleUITests.xctest */,
			);
			name = Products;
			sourceTree = "<group>";
		};
/* End PBXGroup section */

/* Begin PBXNativeTarget section */
		0B3583B22CDF7F91009C2AA4 /* ProjectSetUpSample */ = {
			isa = PBXNativeTarget;
			buildConfigurationList = 0B3583DC2CDF7F93009C2AA4 /* Build configuration list for PBXNativeTarget "ProjectSetUpSample" */;
			buildPhases = (
				0B3583AF2CDF7F91009C2AA4 /* Sources */,
				0B3583B02CDF7F91009C2AA4 /* Frameworks */,
				0B3583B12CDF7F91009C2AA4 /* Resources */,
			);
			buildRules = (
			);
			dependencies = (
			);
			fileSystemSynchronizedGroups = (
				0B3583B52CDF7F91009C2AA4 /* ProjectSetUpSample */,
			);
			name = ProjectSetUpSample;
			packageProductDependencies = (
			);
			productName = ProjectSetUpSample;
			productReference = 0B3583B32CDF7F91009C2AA4 /* ProjectSetUpSample.app */;
			productType = "com.apple.product-type.application";
		};
		0B3583C82CDF7F93009C2AA4 /* ProjectSetUpSampleTests */ = {
			isa = PBXNativeTarget;
			buildConfigurationList = 0B3583E12CDF7F93009C2AA4 /* Build configuration list for PBXNativeTarget "ProjectSetUpSampleTests" */;
			buildPhases = (
				0B3583C52CDF7F93009C2AA4 /* Sources */,
				0B3583C62CDF7F93009C2AA4 /* Frameworks */,
				0B3583C72CDF7F93009C2AA4 /* Resources */,
			);
			buildRules = (
			);
			dependencies = (
				0B3583CB2CDF7F93009C2AA4 /* PBXTargetDependency */,
			);
			fileSystemSynchronizedGroups = (
				0B3583CC2CDF7F93009C2AA4 /* ProjectSetUpSampleTests */,
			);
			name = ProjectSetUpSampleTests;
			packageProductDependencies = (
			);
			productName = ProjectSetUpSampleTests;
			productReference = 0B3583C92CDF7F93009C2AA4 /* ProjectSetUpSampleTests.xctest */;
			productType = "com.apple.product-type.bundle.unit-test";
		};
		0B3583D22CDF7F93009C2AA4 /* ProjectSetUpSampleUITests */ = {
			isa = PBXNativeTarget;
			buildConfigurationList = 0B3583E42CDF7F93009C2AA4 /* Build configuration list for PBXNativeTarget "ProjectSetUpSampleUITests" */;
			buildPhases = (
				0B3583CF2CDF7F93009C2AA4 /* Sources */,
				0B3583D02CDF7F93009C2AA4 /* Frameworks */,
				0B3583D12CDF7F93009C2AA4 /* Resources */,
			);
			buildRules = (
			);
			dependencies = (
				0B3583D52CDF7F93009C2AA4 /* PBXTargetDependency */,
			);
			fileSystemSynchronizedGroups = (
				0B3583D62CDF7F93009C2AA4 /* ProjectSetUpSampleUITests */,
			);
			name = ProjectSetUpSampleUITests;
			packageProductDependencies = (
			);
			productName = ProjectSetUpSampleUITests;
			productReference = 0B3583D32CDF7F93009C2AA4 /* ProjectSetUpSampleUITests.xctest */;
			productType = "com.apple.product-type.bundle.ui-testing";
		};
/* End PBXNativeTarget section */

/* Begin PBXProject section */
		0B3583AB2CDF7F91009C2AA4 /* Project object */ = {
			isa = PBXProject;
			attributes = {
				BuildIndependentTargetsInParallel = 1;
				LastSwiftUpdateCheck = 1610;
				LastUpgradeCheck = 1610;
				TargetAttributes = {
					0B3583B22CDF7F91009C2AA4 = {
						CreatedOnToolsVersion = 16.1;
					};
					0B3583C82CDF7F93009C2AA4 = {
						CreatedOnToolsVersion = 16.1;
						TestTargetID = 0B3583B22CDF7F91009C2AA4;
					};
					0B3583D22CDF7F93009C2AA4 = {
						CreatedOnToolsVersion = 16.1;
						TestTargetID = 0B3583B22CDF7F91009C2AA4;
					};
				};
			};
			buildConfigurationList = 0B3583AE2CDF7F91009C2AA4 /* Build configuration list for PBXProject "ProjectSetUpSample" */;
			developmentRegion = en;
			hasScannedForEncodings = 0;
			knownRegions = (
				en,
				Base,
			);
			mainGroup = 0B3583AA2CDF7F91009C2AA4;
			minimizedProjectReferenceProxies = 1;
			preferredProjectObjectVersion = 77;
			productRefGroup = 0B3583B42CDF7F91009C2AA4 /* Products */;
			projectDirPath = "";
			projectRoot = "";
			targets = (
				0B3583B22CDF7F91009C2AA4 /* ProjectSetUpSample */,
				0B3583C82CDF7F93009C2AA4 /* ProjectSetUpSampleTests */,
				0B3583D22CDF7F93009C2AA4 /* ProjectSetUpSampleUITests */,
			);
		};
/* End PBXProject section */

/* Begin PBXResourcesBuildPhase section */
		0B3583B12CDF7F91009C2AA4 /* Resources */ = {
			isa = PBXResourcesBuildPhase;
			buildActionMask = 2147483647;
			files = (
			);
			runOnlyForDeploymentPostprocessing = 0;
		};
		0B3583C72CDF7F93009C2AA4 /* Resources */ = {
			isa = PBXResourcesBuildPhase;
			buildActionMask = 2147483647;
			files = (
			);
			runOnlyForDeploymentPostprocessing = 0;
		};
		0B3583D12CDF7F93009C2AA4 /* Resources */ = {
			isa = PBXResourcesBuildPhase;
			buildActionMask = 2147483647;
			files = (
			);
			runOnlyForDeploymentPostprocessing = 0;
		};
/* End PBXResourcesBuildPhase section */

/* Begin PBXSourcesBuildPhase section */
		0B3583AF2CDF7F91009C2AA4 /* Sources */ = {
			isa = PBXSourcesBuildPhase;
			buildActionMask = 2147483647;
			files = (
			);
			runOnlyForDeploymentPostprocessing = 0;
		};
		0B3583C52CDF7F93009C2AA4 /* Sources */ = {
			isa = PBXSourcesBuildPhase;
			buildActionMask = 2147483647;
			files = (
			);
			runOnlyForDeploymentPostprocessing = 0;
		};
		0B3583CF2CDF7F93009C2AA4 /* Sources */ = {
			isa = PBXSourcesBuildPhase;
			buildActionMask = 2147483647;
			files = (
			);
			runOnlyForDeploymentPostprocessing = 0;
		};
/* End PBXSourcesBuildPhase section */

/* Begin PBXTargetDependency section */
		0B3583CB2CDF7F93009C2AA4 /* PBXTargetDependency */ = {
			isa = PBXTargetDependency;
			target = 0B3583B22CDF7F91009C2AA4 /* ProjectSetUpSample */;
			targetProxy = 0B3583CA2CDF7F93009C2AA4 /* PBXContainerItemProxy */;
		};
		0B3583D52CDF7F93009C2AA4 /* PBXTargetDependency */ = {
			isa = PBXTargetDependency;
			target = 0B3583B22CDF7F91009C2AA4 /* ProjectSetUpSample */;
			targetProxy = 0B3583D42CDF7F93009C2AA4 /* PBXContainerItemProxy */;
		};
/* End PBXTargetDependency section */

/* Begin XCBuildConfiguration section */
		0B3583DD2CDF7F93009C2AA4 /* Debug */ = {
			isa = XCBuildConfiguration;
			buildSettings = {
				ASSETCATALOG_COMPILER_APPICON_NAME = AppIcon;
				ASSETCATALOG_COMPILER_GLOBAL_ACCENT_COLOR_NAME = AccentColor;
				CODE_SIGN_STYLE = Automatic;
				CURRENT_PROJECT_VERSION = 1;
				DEVELOPMENT_TEAM = B48NJV8578;
				GENERATE_INFOPLIST_FILE = YES;
				INFOPLIST_FILE = ProjectSetUpSample/Info.plist;
				INFOPLIST_KEY_UIApplicationSupportsIndirectInputEvents = YES;
				INFOPLIST_KEY_UILaunchStoryboardName = LaunchScreen;
				INFOPLIST_KEY_UIMainStoryboardFile = Main;
				INFOPLIST_KEY_UISupportedInterfaceOrientations_iPad = "UIInterfaceOrientationPortrait UIInterfaceOrientationPortraitUpsideDown UIInterfaceOrientationLandscapeLeft UIInterfaceOrientationLandscapeRight";
				INFOPLIST_KEY_UISupportedInterfaceOrientations_iPhone = "UIInterfaceOrientationPortrait UIInterfaceOrientationLandscapeLeft UIInterfaceOrientationLandscapeRight";
				LD_RUNPATH_SEARCH_PATHS = (
					"$(inherited)",
					"@executable_path/Frameworks",
				);
				MARKETING_VERSION = 1.0;
				PRODUCT_BUNDLE_IDENTIFIER = com.ProjectSetUpSample;
				PRODUCT_NAME = "$(TARGET_NAME)";
				SWIFT_EMIT_LOC_STRINGS = YES;
				SWIFT_VERSION = 5.0;
				TARGETED_DEVICE_FAMILY = "1,2";
			};
			name = Debug;
		};
		0B3583DE2CDF7F93009C2AA4 /* Release */ = {
			isa = XCBuildConfiguration;
			buildSettings = {
				ASSETCATALOG_COMPILER_APPICON_NAME = AppIcon;
				ASSETCATALOG_COMPILER_GLOBAL_ACCENT_COLOR_NAME = AccentColor;
				CODE_SIGN_STYLE = Automatic;
				CURRENT_PROJECT_VERSION = 1;
				DEVELOPMENT_TEAM = B48NJV8578;
				GENERATE_INFOPLIST_FILE = YES;
				INFOPLIST_FILE = ProjectSetUpSample/Info.plist;
				INFOPLIST_KEY_UIApplicationSupportsIndirectInputEvents = YES;
				INFOPLIST_KEY_UILaunchStoryboardName = LaunchScreen;
				INFOPLIST_KEY_UIMainStoryboardFile = Main;
				INFOPLIST_KEY_UISupportedInterfaceOrientations_iPad = "UIInterfaceOrientationPortrait UIInterfaceOrientationPortraitUpsideDown UIInterfaceOrientationLandscapeLeft UIInterfaceOrientationLandscapeRight";
				INFOPLIST_KEY_UISupportedInterfaceOrientations_iPhone = "UIInterfaceOrientationPortrait UIInterfaceOrientationLandscapeLeft UIInterfaceOrientationLandscapeRight";
				LD_RUNPATH_SEARCH_PATHS = (
					"$(inherited)",
					"@executable_path/Frameworks",
				);
				MARKETING_VERSION = 1.0;
				PRODUCT_BUNDLE_IDENTIFIER = com.ProjectSetUpSample;
				PRODUCT_NAME = "$(TARGET_NAME)";
				SWIFT_EMIT_LOC_STRINGS = YES;
				SWIFT_VERSION = 5.0;
				TARGETED_DEVICE_FAMILY = "1,2";
			};
			name = Release;
		};
		0B3583DF2CDF7F93009C2AA4 /* Debug */ = {
			isa = XCBuildConfiguration;
			buildSettings = {
				ALWAYS_SEARCH_USER_PATHS = NO;
				ASSETCATALOG_COMPILER_GENERATE_SWIFT_ASSET_SYMBOL_EXTENSIONS = YES;
				CLANG_ANALYZER_NONNULL = YES;
				CLANG_ANALYZER_NUMBER_OBJECT_CONVERSION = YES_AGGRESSIVE;
				CLANG_CXX_LANGUAGE_STANDARD = "gnu++20";
				CLANG_ENABLE_MODULES = YES;
				CLANG_ENABLE_OBJC_ARC = YES;
				CLANG_ENABLE_OBJC_WEAK = YES;
				CLANG_WARN_BLOCK_CAPTURE_AUTORELEASING = YES;
				CLANG_WARN_BOOL_CONVERSION = YES;
				CLANG_WARN_COMMA = YES;
				CLANG_WARN_CONSTANT_CONVERSION = YES;
				CLANG_WARN_DEPRECATED_OBJC_IMPLEMENTATIONS = YES;
				CLANG_WARN_DIRECT_OBJC_ISA_USAGE = YES_ERROR;
				CLANG_WARN_DOCUMENTATION_COMMENTS = YES;
				CLANG_WARN_EMPTY_BODY = YES;
				CLANG_WARN_ENUM_CONVERSION = YES;
				CLANG_WARN_INFINITE_RECURSION = YES;
				CLANG_WARN_INT_CONVERSION = YES;
				CLANG_WARN_NON_LITERAL_NULL_CONVERSION = YES;
				CLANG_WARN_OBJC_IMPLICIT_RETAIN_SELF = YES;
				CLANG_WARN_OBJC_LITERAL_CONVERSION = YES;
				CLANG_WARN_OBJC_ROOT_CLASS = YES_ERROR;
				CLANG_WARN_QUOTED_INCLUDE_IN_FRAMEWORK_HEADER = YES;
				CLANG_WARN_RANGE_LOOP_ANALYSIS = YES;
				CLANG_WARN_STRICT_PROTOTYPES = YES;
				CLANG_WARN_SUSPICIOUS_MOVE = YES;
				CLANG_WARN_UNGUARDED_AVAILABILITY = YES_AGGRESSIVE;
				CLANG_WARN_UNREACHABLE_CODE = YES;
				CLANG_WARN__DUPLICATE_METHOD_MATCH = YES;
				COPY_PHASE_STRIP = NO;
				DEBUG_INFORMATION_FORMAT = dwarf;
				ENABLE_STRICT_OBJC_MSGSEND = YES;
				ENABLE_TESTABILITY = YES;
				ENABLE_USER_SCRIPT_SANDBOXING = YES;
				GCC_C_LANGUAGE_STANDARD = gnu17;
				GCC_DYNAMIC_NO_PIC = NO;
				GCC_NO_COMMON_BLOCKS = YES;
				GCC_OPTIMIZATION_LEVEL = 0;
				GCC_PREPROCESSOR_DEFINITIONS = (
					"DEBUG=1",
					"$(inherited)",
				);
				GCC_WARN_64_TO_32_BIT_CONVERSION = YES;
				GCC_WARN_ABOUT_RETURN_TYPE = YES_ERROR;
				GCC_WARN_UNDECLARED_SELECTOR = YES;
				GCC_WARN_UNINITIALIZED_AUTOS = YES_AGGRESSIVE;
				GCC_WARN_UNUSED_FUNCTION = YES;
				GCC_WARN_UNUSED_VARIABLE = YES;
				IPHONEOS_DEPLOYMENT_TARGET = 18.1;
				LOCALIZATION_PREFERS_STRING_CATALOGS = YES;
				MTL_ENABLE_DEBUG_INFO = INCLUDE_SOURCE;
				MTL_FAST_MATH = YES;
				ONLY_ACTIVE_ARCH = YES;
				SDKROOT = iphoneos;
				SWIFT_ACTIVE_COMPILATION_CONDITIONS = "DEBUG $(inherited)";
				SWIFT_OPTIMIZATION_LEVEL = "-Onone";
			};
			name = Debug;
		};
		0B3583E02CDF7F93009C2AA4 /* Release */ = {
			isa = XCBuildConfiguration;
			buildSettings = {
				ALWAYS_SEARCH_USER_PATHS = NO;
				ASSETCATALOG_COMPILER_GENERATE_SWIFT_ASSET_SYMBOL_EXTENSIONS = YES;
				CLANG_ANALYZER_NONNULL = YES;
				CLANG_ANALYZER_NUMBER_OBJECT_CONVERSION = YES_AGGRESSIVE;
				CLANG_CXX_LANGUAGE_STANDARD = "gnu++20";
				CLANG_ENABLE_MODULES = YES;
				CLANG_ENABLE_OBJC_ARC = YES;
				CLANG_ENABLE_OBJC_WEAK = YES;
				CLANG_WARN_BLOCK_CAPTURE_AUTORELEASING = YES;
				CLANG_WARN_BOOL_CONVERSION = YES;
				CLANG_WARN_COMMA = YES;
				CLANG_WARN_CONSTANT_CONVERSION = YES;
				CLANG_WARN_DEPRECATED_OBJC_IMPLEMENTATIONS = YES;
				CLANG_WARN_DIRECT_OBJC_ISA_USAGE = YES_ERROR;
				CLANG_WARN_DOCUMENTATION_COMMENTS = YES;
				CLANG_WARN_EMPTY_BODY = YES;
				CLANG_WARN_ENUM_CONVERSION = YES;
				CLANG_WARN_INFINITE_RECURSION = YES;
				CLANG_WARN_INT_CONVERSION = YES;
				CLANG_WARN_NON_LITERAL_NULL_CONVERSION = YES;
				CLANG_WARN_OBJC_IMPLICIT_RETAIN_SELF = YES;
				CLANG_WARN_OBJC_LITERAL_CONVERSION = YES;
				CLANG_WARN_OBJC_ROOT_CLASS = YES_ERROR;
				CLANG_WARN_QUOTED_INCLUDE_IN_FRAMEWORK_HEADER = YES;
				CLANG_WARN_RANGE_LOOP_ANALYSIS = YES;
				CLANG_WARN_STRICT_PROTOTYPES = YES;
				CLANG_WARN_SUSPICIOUS_MOVE = YES;
				CLANG_WARN_UNGUARDED_AVAILABILITY = YES_AGGRESSIVE;
				CLANG_WARN_UNREACHABLE_CODE = YES;
				CLANG_WARN__DUPLICATE_METHOD_MATCH = YES;
				COPY_PHASE_STRIP = NO;
				DEBUG_INFORMATION_FORMAT = "dwarf-with-dsym";
				ENABLE_NS_ASSERTIONS = NO;
				ENABLE_STRICT_OBJC_MSGSEND = YES;
				ENABLE_USER_SCRIPT_SANDBOXING = YES;
				GCC_C_LANGUAGE_STANDARD = gnu17;
				GCC_NO_COMMON_BLOCKS = YES;
				GCC_WARN_64_TO_32_BIT_CONVERSION = YES;
				GCC_WARN_ABOUT_RETURN_TYPE = YES_ERROR;
				GCC_WARN_UNDECLARED_SELECTOR = YES;
				GCC_WARN_UNINITIALIZED_AUTOS = YES_AGGRESSIVE;
				GCC_WARN_UNUSED_FUNCTION = YES;
				GCC_WARN_UNUSED_VARIABLE = YES;
				IPHONEOS_DEPLOYMENT_TARGET = 18.1;
				LOCALIZATION_PREFERS_STRING_CATALOGS = YES;
				MTL_ENABLE_DEBUG_INFO = NO;
				MTL_FAST_MATH = YES;
				SDKROOT = iphoneos;
				SWIFT_COMPILATION_MODE = wholemodule;
				VALIDATE_PRODUCT = YES;
			};
			name = Release;
		};
		0B3583E22CDF7F93009C2AA4 /* Debug */ = {
			isa = XCBuildConfiguration;
			buildSettings = {
				BUNDLE_LOADER = "$(TEST_HOST)";
				CODE_SIGN_STYLE = Automatic;
				CURRENT_PROJECT_VERSION = 1;
				DEVELOPMENT_TEAM = B48NJV8578;
				GENERATE_INFOPLIST_FILE = YES;
				IPHONEOS_DEPLOYMENT_TARGET = 18.1;
				MARKETING_VERSION = 1.0;
				PRODUCT_BUNDLE_IDENTIFIER = com.ProjectSetUpSampleTests;
				PRODUCT_NAME = "$(TARGET_NAME)";
				SWIFT_EMIT_LOC_STRINGS = NO;
				SWIFT_VERSION = 5.0;
				TARGETED_DEVICE_FAMILY = "1,2";
				TEST_HOST = "$(BUILT_PRODUCTS_DIR)/ProjectSetUpSample.app/$(BUNDLE_EXECUTABLE_FOLDER_PATH)/ProjectSetUpSample";
			};
			name = Debug;
		};
		0B3583E32CDF7F93009C2AA4 /* Release */ = {
			isa = XCBuildConfiguration;
			buildSettings = {
				BUNDLE_LOADER = "$(TEST_HOST)";
				CODE_SIGN_STYLE = Automatic;
				CURRENT_PROJECT_VERSION = 1;
				DEVELOPMENT_TEAM = B48NJV8578;
				GENERATE_INFOPLIST_FILE = YES;
				IPHONEOS_DEPLOYMENT_TARGET = 18.1;
				MARKETING_VERSION = 1.0;
				PRODUCT_BUNDLE_IDENTIFIER = com.ProjectSetUpSampleTests;
				PRODUCT_NAME = "$(TARGET_NAME)";
				SWIFT_EMIT_LOC_STRINGS = NO;
				SWIFT_VERSION = 5.0;
				TARGETED_DEVICE_FAMILY = "1,2";
				TEST_HOST = "$(BUILT_PRODUCTS_DIR)/ProjectSetUpSample.app/$(BUNDLE_EXECUTABLE_FOLDER_PATH)/ProjectSetUpSample";
			};
			name = Release;
		};
		0B3583E52CDF7F93009C2AA4 /* Debug */ = {
			isa = XCBuildConfiguration;
			buildSettings = {
				CODE_SIGN_STYLE = Automatic;
				CURRENT_PROJECT_VERSION = 1;
				DEVELOPMENT_TEAM = B48NJV8578;
				GENERATE_INFOPLIST_FILE = YES;
				MARKETING_VERSION = 1.0;
				PRODUCT_BUNDLE_IDENTIFIER = com.ProjectSetUpSampleUITests;
				PRODUCT_NAME = "$(TARGET_NAME)";
				SWIFT_EMIT_LOC_STRINGS = NO;
				SWIFT_VERSION = 5.0;
				TARGETED_DEVICE_FAMILY = "1,2";
				TEST_TARGET_NAME = ProjectSetUpSample;
			};
			name = Debug;
		};
		0B3583E62CDF7F93009C2AA4 /* Release */ = {
			isa = XCBuildConfiguration;
			buildSettings = {
				CODE_SIGN_STYLE = Automatic;
				CURRENT_PROJECT_VERSION = 1;
				DEVELOPMENT_TEAM = B48NJV8578;
				GENERATE_INFOPLIST_FILE = YES;
				MARKETING_VERSION = 1.0;
				PRODUCT_BUNDLE_IDENTIFIER = com.ProjectSetUpSampleUITests;
				PRODUCT_NAME = "$(TARGET_NAME)";
				SWIFT_EMIT_LOC_STRINGS = NO;
				SWIFT_VERSION = 5.0;
				TARGETED_DEVICE_FAMILY = "1,2";
				TEST_TARGET_NAME = ProjectSetUpSample;
			};
			name = Release;
		};
/* End XCBuildConfiguration section */

/* Begin XCConfigurationList section */
		0B3583AE2CDF7F91009C2AA4 /* Build configuration list for PBXProject "ProjectSetUpSample" */ = {
			isa = XCConfigurationList;
			buildConfigurations = (
				0B3583DF2CDF7F93009C2AA4 /* Debug */,
				0B3583E02CDF7F93009C2AA4 /* Release */,
			);
			defaultConfigurationIsVisible = 0;
			defaultConfigurationName = Release;
		};
		0B3583DC2CDF7F93009C2AA4 /* Build configuration list for PBXNativeTarget "ProjectSetUpSample" */ = {
			isa = XCConfigurationList;
			buildConfigurations = (
				0B3583DD2CDF7F93009C2AA4 /* Debug */,
				0B3583DE2CDF7F93009C2AA4 /* Release */,
			);
			defaultConfigurationIsVisible = 0;
			defaultConfigurationName = Release;
		};
		0B3583E12CDF7F93009C2AA4 /* Build configuration list for PBXNativeTarget "ProjectSetUpSampleTests" */ = {
			isa = XCConfigurationList;
			buildConfigurations = (
				0B3583E22CDF7F93009C2AA4 /* Debug */,
				0B3583E32CDF7F93009C2AA4 /* Release */,
			);
			defaultConfigurationIsVisible = 0;
			defaultConfigurationName = Release;
		};
		0B3583E42CDF7F93009C2AA4 /* Build configuration list for PBXNativeTarget "ProjectSetUpSampleUITests" */ = {
			isa = XCConfigurationList;
			buildConfigurations = (
				0B3583E52CDF7F93009C2AA4 /* Debug */,
				0B3583E62CDF7F93009C2AA4 /* Release */,
			);
			defaultConfigurationIsVisible = 0;
			defaultConfigurationName = Release;
		};
/* End XCConfigurationList section */
	};
	rootObject = 0B3583AB2CDF7F91009C2AA4 /* Project object */;
}
